
Microsoft Visual Studio Solution File, Format Version 12.00
# Visual Studio Version 16
VisualStudioVersion = 16.0.29728.190
MinimumVisualStudioVersion = 10.0.40219.1
Project("{FAE04EC0-301F-11D3-BF4B-00C04F79EFBC}") = "IwLauncher Builder", "IwLauncher Builder.csproj", "{0ED542EF-F59B-4F09-8B71-B30B461A1951}"
EndProject
Global
	GlobalSection(SolutionConfigurationPlatforms) = preSolution
		Debug|Any CPU = Debug|Any CPU
		Release|Any CPU = Release|Any CPU
	EndGlobalSection
	GlobalSection(ProjectConfigurationPlatforms) = postSolution
		{0ED542EF-F59B-4F09-8B71-B30B461A1951}.Debug|Any CPU.ActiveCfg = Debug|Any CPU
		{0ED542EF-F59B-4F09-8B71-B30B461A1951}.Debug|Any CPU.Build.0 = Debug|Any CPU
		{0ED542EF-F59B-4F09-8B71-B30B461A1951}.Release|Any CPU.ActiveCfg = Release|Any CPU
		{0ED542EF-F59B-4F09-8B71-B30B461A1951}.Release|Any CPU.Build.0 = Release|Any CPU
	EndGlobalSection
	GlobalSection(SolutionProperties) = preSolution
		HideSolutionNode = FALSE
	EndGlobalSection
	GlobalSection(ExtensibilityGlobals) = postSolution
		SolutionGuid = {532A1C46-0F90-4903-A3EA-F96233A4AB38}
	EndGlobalSection
EndGlobal
